// !$*UTF8*$!
{
	archiveVersion = 1;
	classes = {
	};
	objectVersion = 50;
	objects = {

/* Begin PBXBuildFile section */
		349E8A2B25FE35B3009CA8A5 /* AppDelegate.swift in Sources */ = {isa = PBXBuildFile; fileRef = 349E8A2A25FE35B3009CA8A5 /* AppDelegate.swift */; };
		349E8A2D25FE35B3009CA8A5 /* SceneDelegate.swift in Sources */ = {isa = PBXBuildFile; fileRef = 349E8A2C25FE35B3009CA8A5 /* SceneDelegate.swift */; };
		349E8A2F25FE35B3009CA8A5 /* ViewController.swift in Sources */ = {isa = PBXBuildFile; fileRef = 349E8A2E25FE35B3009CA8A5 /* ViewController.swift */; };
		349E8A3225FE35B3009CA8A5 /* Main.storyboard in Resources */ = {isa = PBXBuildFile; fileRef = 349E8A3025FE35B3009CA8A5 /* Main.storyboard */; };
		349E8A3425FE35B4009CA8A5 /* Assets.xcassets in Resources */ = {isa = PBXBuildFile; fileRef = 349E8A3325FE35B4009CA8A5 /* Assets.xcassets */; };
		349E8A3725FE35B4009CA8A5 /* LaunchScreen.storyboard in Resources */ = {isa = PBXBuildFile; fileRef = 349E8A3525FE35B4009CA8A5 /* LaunchScreen.storyboard */; };
		349E8A4225FE35B4009CA8A5 /* Xib_TestTests.swift in Sources */ = {isa = PBXBuildFile; fileRef = 349E8A4125FE35B4009CA8A5 /* Xib_TestTests.swift */; };
		349E8A4D25FE35B4009CA8A5 /* Xib_TestUITests.swift in Sources */ = {isa = PBXBuildFile; fileRef = 349E8A4C25FE35B4009CA8A5 /* Xib_TestUITests.swift */; };
		349E8A6225FE3DB1009CA8A5 /* CollectionViewCell.swift in Sources */ = {isa = PBXBuildFile; fileRef = 349E8A6025FE3DB1009CA8A5 /* CollectionViewCell.swift */; };
		349E8A6325FE3DB1009CA8A5 /* CollectionViewCell.xib in Resources */ = {isa = PBXBuildFile; fileRef = 349E8A6125FE3DB1009CA8A5 /* CollectionViewCell.xib */; };
/* End PBXBuildFile section */

/* Begin PBXContainerItemProxy section */
		349E8A3E25FE35B4009CA8A5 /* PBXContainerItemProxy */ = {
			isa = PBXContainerItemProxy;
			containerPortal = 349E8A1F25FE35B3009CA8A5 /* Project object */;
			proxyType = 1;
			remoteGlobalIDString = 349E8A2625FE35B3009CA8A5;
			remoteInfo = "Xib-Test";
		};
		349E8A4925FE35B4009CA8A5 /* PBXContainerItemProxy */ = {
			isa = PBXContainerItemProxy;
			containerPortal = 349E8A1F25FE35B3009CA8A5 /* Project object */;
			proxyType = 1;
			remoteGlobalIDString = 349E8A2625FE35B3009CA8A5;
			remoteInfo = "Xib-Test";
		};
/* End PBXContainerItemProxy section */

/* Begin PBXFileReference section */
		349E8A2725FE35B3009CA8A5 /* Xib-Test.app */ = {isa = PBXFileReference; explicitFileType = wrapper.application; includeInIndex = 0; path = "Xib-Test.app"; sourceTree = BUILT_PRODUCTS_DIR; };
		349E8A2A25FE35B3009CA8A5 /* AppDelegate.swift */ = {isa = PBXFileReference; lastKnownFileType = sourcecode.swift; path = AppDelegate.swift; sourceTree = "<group>"; };
		349E8A2C25FE35B3009CA8A5 /* SceneDelegate.swift */ = {isa = PBXFileReference; lastKnownFileType = sourcecode.swift; path = SceneDelegate.swift; sourceTree = "<group>"; };
		349E8A2E25FE35B3009CA8A5 /* ViewController.swift */ = {isa = PBXFileReference; lastKnownFileType = sourcecode.swift; path = ViewController.swift; sourceTree = "<group>"; };
		349E8A3125FE35B3009CA8A5 /* Base */ = {isa = PBXFileReference; lastKnownFileType = file.storyboard; name = Base; path = Base.lproj/Main.storyboard; sourceTree = "<group>"; };
		349E8A3325FE35B4009CA8A5 /* Assets.xcassets */ = {isa = PBXFileReference; lastKnownFileType = folder.assetcatalog; path = Assets.xcassets; sourceTree = "<group>"; };
		349E8A3625FE35B4009CA8A5 /* Base */ = {isa = PBXFileReference; lastKnownFileType = file.storyboard; name = Base; path = Base.lproj/LaunchScreen.storyboard; sourceTree = "<group>"; };
		349E8A3825FE35B4009CA8A5 /* Info.plist */ = {isa = PBXFileReference; lastKnownFileType = text.plist.xml; path = Info.plist; sourceTree = "<group>"; };
		349E8A3D25FE35B4009CA8A5 /* Xib-TestTests.xctest */ = {isa = PBXFileReference; explicitFileType = wrapper.cfbundle; includeInIndex = 0; path = "Xib-TestTests.xctest"; sourceTree = BUILT_PRODUCTS_DIR; };
		349E8A4125FE35B4009CA8A5 /* Xib_TestTests.swift */ = {isa = PBXFileReference; lastKnownFileType = sourcecode.swift; path = Xib_TestTests.swift; sourceTree = "<group>"; };
		349E8A4325FE35B4009CA8A5 /* Info.plist */ = {isa = PBXFileReference; lastKnownFileType = text.plist.xml; path = Info.plist; sourceTree = "<group>"; };
		349E8A4825FE35B4009CA8A5 /* Xib-TestUITests.xctest */ = {isa = PBXFileReference; explicitFileType = wrapper.cfbundle; includeInIndex = 0; path = "Xib-TestUITests.xctest"; sourceTree = BUILT_PRODUCTS_DIR; };
		349E8A4C25FE35B4009CA8A5 /* Xib_TestUITests.swift */ = {isa = PBXFileReference; lastKnownFileType = sourcecode.swift; path = Xib_TestUITests.swift; sourceTree = "<group>"; };
		349E8A4E25FE35B4009CA8A5 /* Info.plist */ = {isa = PBXFileReference; lastKnownFileType = text.plist.xml; path = Info.plist; sourceTree = "<group>"; };
		349E8A6025FE3DB1009CA8A5 /* CollectionViewCell.swift */ = {isa = PBXFileReference; lastKnownFileType = sourcecode.swift; path = CollectionViewCell.swift; sourceTree = "<group>"; };
		349E8A6125FE3DB1009CA8A5 /* CollectionViewCell.xib */ = {isa = PBXFileReference; lastKnownFileType = file.xib; path = CollectionViewCell.xib; sourceTree = "<group>"; };
/* End PBXFileReference section */

/* Begin PBXFrameworksBuildPhase section */
		349E8A2425FE35B3009CA8A5 /* Frameworks */ = {
			isa = PBXFrameworksBuildPhase;
			buildActionMask = 2147483647;
			files = (
			);
			runOnlyForDeploymentPostprocessing = 0;
		};
		349E8A3A25FE35B4009CA8A5 /* Frameworks */ = {
			isa = PBXFrameworksBuildPhase;
			buildActionMask = 2147483647;
			files = (
			);
			runOnlyForDeploymentPostprocessing = 0;
		};
		349E8A4525FE35B4009CA8A5 /* Frameworks */ = {
			isa = PBXFrameworksBuildPhase;
			buildActionMask = 2147483647;
			files = (
			);
			runOnlyForDeploymentPostprocessing = 0;
		};
/* End PBXFrameworksBuildPhase section */

/* Begin PBXGroup section */
		349E8A1E25FE35B3009CA8A5 = {
			isa = PBXGroup;
			children = (
				349E8A2925FE35B3009CA8A5 /* Xib-Test */,
				349E8A4025FE35B4009CA8A5 /* Xib-TestTests */,
				349E8A4B25FE35B4009CA8A5 /* Xib-TestUITests */,
				349E8A2825FE35B3009CA8A5 /* Products */,
			);
			sourceTree = "<group>";
		};
		349E8A2825FE35B3009CA8A5 /* Products */ = {
			isa = PBXGroup;
			children = (
				349E8A2725FE35B3009CA8A5 /* Xib-Test.app */,
				349E8A3D25FE35B4009CA8A5 /* Xib-TestTests.xctest */,
				349E8A4825FE35B4009CA8A5 /* Xib-TestUITests.xctest */,
			);
			name = Products;
			sourceTree = "<group>";
		};
		349E8A2925FE35B3009CA8A5 /* Xib-Test */ = {
			isa = PBXGroup;
			children = (
				349E8A2A25FE35B3009CA8A5 /* AppDelegate.swift */,
				349E8A2C25FE35B3009CA8A5 /* SceneDelegate.swift */,
				349E8A2E25FE35B3009CA8A5 /* ViewController.swift */,
				349E8A3025FE35B3009CA8A5 /* Main.storyboard */,
				349E8A6025FE3DB1009CA8A5 /* CollectionViewCell.swift */,
				349E8A6125FE3DB1009CA8A5 /* CollectionViewCell.xib */,
				349E8A3325FE35B4009CA8A5 /* Assets.xcassets */,
				349E8A3525FE35B4009CA8A5 /* LaunchScreen.storyboard */,
				349E8A3825FE35B4009CA8A5 /* Info.plist */,
			);
			path = "Xib-Test";
			sourceTree = "<group>";
		};
		349E8A4025FE35B4009CA8A5 /* Xib-TestTests */ = {
			isa = PBXGroup;
			children = (
				349E8A4125FE35B4009CA8A5 /* Xib_TestTests.swift */,
				349E8A4325FE35B4009CA8A5 /* Info.plist */,
			);
			path = "Xib-TestTests";
			sourceTree = "<group>";
		};
		349E8A4B25FE35B4009CA8A5 /* Xib-TestUITests */ = {
			isa = PBXGroup;
			children = (
				349E8A4C25FE35B4009CA8A5 /* Xib_TestUITests.swift */,
				349E8A4E25FE35B4009CA8A5 /* Info.plist */,
			);
			path = "Xib-TestUITests";
			sourceTree = "<group>";
		};
/* End PBXGroup section */

/* Begin PBXNativeTarget section */
		349E8A2625FE35B3009CA8A5 /* Xib-Test */ = {
			isa = PBXNativeTarget;
			buildConfigurationList = 349E8A5125FE35B4009CA8A5 /* Build configuration list for PBXNativeTarget "Xib-Test" */;
			buildPhases = (
				349E8A2325FE35B3009CA8A5 /* Sources */,
				349E8A2425FE35B3009CA8A5 /* Frameworks */,
				349E8A2525FE35B3009CA8A5 /* Resources */,
			);
			buildRules = (
			);
			dependencies = (
			);
			name = "Xib-Test";
			productName = "Xib-Test";
			productReference = 349E8A2725FE35B3009CA8A5 /* Xib-Test.app */;
			productType = "com.apple.product-type.application";
		};
		349E8A3C25FE35B4009CA8A5 /* Xib-TestTests */ = {
			isa = PBXNativeTarget;
			buildConfigurationList = 349E8A5425FE35B4009CA8A5 /* Build configuration list for PBXNativeTarget "Xib-TestTests" */;
			buildPhases = (
				349E8A3925FE35B4009CA8A5 /* Sources */,
				349E8A3A25FE35B4009CA8A5 /* Frameworks */,
				349E8A3B25FE35B4009CA8A5 /* Resources */,
			);
			buildRules = (
			);
			dependencies = (
				349E8A3F25FE35B4009CA8A5 /* PBXTargetDependency */,
			);
			name = "Xib-TestTests";
			productName = "Xib-TestTests";
			productReference = 349E8A3D25FE35B4009CA8A5 /* Xib-TestTests.xctest */;
			productType = "com.apple.product-type.bundle.unit-test";
		};
		349E8A4725FE35B4009CA8A5 /* Xib-TestUITests */ = {
			isa = PBXNativeTarget;
			buildConfigurationList = 349E8A5725FE35B4009CA8A5 /* Build configuration list for PBXNativeTarget "Xib-TestUITests" */;
			buildPhases = (
				349E8A4425FE35B4009CA8A5 /* Sources */,
				349E8A4525FE35B4009CA8A5 /* Frameworks */,
				349E8A4625FE35B4009CA8A5 /* Resources */,
			);
			buildRules = (
			);
			dependencies = (
				349E8A4A25FE35B4009CA8A5 /* PBXTargetDependency */,
			);
			name = "Xib-TestUITests";
			productName = "Xib-TestUITests";
			productReference = 349E8A4825FE35B4009CA8A5 /* Xib-TestUITests.xctest */;
			productType = "com.apple.product-type.bundle.ui-testing";
		};
/* End PBXNativeTarget section */

/* Begin PBXProject section */
		349E8A1F25FE35B3009CA8A5 /* Project object */ = {
			isa = PBXProject;
			attributes = {
				LastSwiftUpdateCheck = 1230;
				LastUpgradeCheck = 1230;
				TargetAttributes = {
					349E8A2625FE35B3009CA8A5 = {
						CreatedOnToolsVersion = 12.3;
					};
					349E8A3C25FE35B4009CA8A5 = {
						CreatedOnToolsVersion = 12.3;
						TestTargetID = 349E8A2625FE35B3009CA8A5;
					};
					349E8A4725FE35B4009CA8A5 = {
						CreatedOnToolsVersion = 12.3;
						TestTargetID = 349E8A2625FE35B3009CA8A5;
					};
				};
			};
			buildConfigurationList = 349E8A2225FE35B3009CA8A5 /* Build configuration list for PBXProject "Xib-Test" */;
			compatibilityVersion = "Xcode 9.3";
			developmentRegion = en;
			hasScannedForEncodings = 0;
			knownRegions = (
				en,
				Base,
			);
			mainGroup = 349E8A1E25FE35B3009CA8A5;
			productRefGroup = 349E8A2825FE35B3009CA8A5 /* Products */;
			projectDirPath = "";
			projectRoot = "";
			targets = (
				349E8A2625FE35B3009CA8A5 /* Xib-Test */,
				349E8A3C25FE35B4009CA8A5 /* Xib-TestTests */,
				349E8A4725FE35B4009CA8A5 /* Xib-TestUITests */,
			);
		};
/* End PBXProject section */

/* Begin PBXResourcesBuildPhase section */
		349E8A2525FE35B3009CA8A5 /* Resources */ = {
			isa = PBXResourcesBuildPhase;
			buildActionMask = 2147483647;
			files = (
				349E8A3725FE35B4009CA8A5 /* LaunchScreen.storyboard in Resources */,
				349E8A6325FE3DB1009CA8A5 /* CollectionViewCell.xib in Resources */,
				349E8A3425FE35B4009CA8A5 /* Assets.xcassets in Resources */,
				349E8A3225FE35B3009CA8A5 /* Main.storyboard in Resources */,
			);
			runOnlyForDeploymentPostprocessing = 0;
		};
		349E8A3B25FE35B4009CA8A5 /* Resources */ = {
			isa = PBXResourcesBuildPhase;
			buildActionMask = 2147483647;
			files = (
			);
			runOnlyForDeploymentPostprocessing = 0;
		};
		349E8A4625FE35B4009CA8A5 /* Resources */ = {
			isa = PBXResourcesBuildPhase;
			buildActionMask = 2147483647;
			files = (
			);
			runOnlyForDeploymentPostprocessing = 0;
		};
/* End PBXResourcesBuildPhase section */

/* Begin PBXSourcesBuildPhase section */
		349E8A2325FE35B3009CA8A5 /* Sources */ = {
			isa = PBXSourcesBuildPhase;
			buildActionMask = 2147483647;
			files = (
				349E8A2F25FE35B3009CA8A5 /* ViewController.swift in Sources */,
				349E8A6225FE3DB1009CA8A5 /* CollectionViewCell.swift in Sources */,
				349E8A2B25FE35B3009CA8A5 /* AppDelegate.swift in Sources */,
				349E8A2D25FE35B3009CA8A5 /* SceneDelegate.swift in Sources */,
			);
			runOnlyForDeploymentPostprocessing = 0;
		};
		349E8A3925FE35B4009CA8A5 /* Sources */ = {
			isa = PBXSourcesBuildPhase;
			buildActionMask = 2147483647;
			files = (
				349E8A4225FE35B4009CA8A5 /* Xib_TestTests.swift in Sources */,
			);
			runOnlyForDeploymentPostprocessing = 0;
		};
		349E8A4425FE35B4009CA8A5 /* Sources */ = {
			isa = PBXSourcesBuildPhase;
			buildActionMask = 2147483647;
			files = (
				349E8A4D25FE35B4009CA8A5 /* Xib_TestUITests.swift in Sources */,
			);
			runOnlyForDeploymentPostprocessing = 0;
		};
/* End PBXSourcesBuildPhase section */

/* Begin PBXTargetDependency section */
		349E8A3F25FE35B4009CA8A5 /* PBXTargetDependency */ = {
			isa = PBXTargetDependency;
			target = 349E8A2625FE35B3009CA8A5 /* Xib-Test */;
			targetProxy = 349E8A3E25FE35B4009CA8A5 /* PBXContainerItemProxy */;
		};
		349E8A4A25FE35B4009CA8A5 /* PBXTargetDependency */ = {
			isa = PBXTargetDependency;
			target = 349E8A2625FE35B3009CA8A5 /* Xib-Test */;
			targetProxy = 349E8A4925FE35B4009CA8A5 /* PBXContainerItemProxy */;
		};
/* End PBXTargetDependency section */

/* Begin PBXVariantGroup section */
		349E8A3025FE35B3009CA8A5 /* Main.storyboard */ = {
			isa = PBXVariantGroup;
			children = (
				349E8A3125FE35B3009CA8A5 /* Base */,
			);
			name = Main.storyboard;
			sourceTree = "<group>";
		};
		349E8A3525FE35B4009CA8A5 /* LaunchScreen.storyboard */ = {
			isa = PBXVariantGroup;
			children = (
				349E8A3625FE35B4009CA8A5 /* Base */,
			);
			name = LaunchScreen.storyboard;
			sourceTree = "<group>";
		};
/* End PBXVariantGroup section */

/* Begin XCBuildConfiguration section */
		349E8A4F25FE35B4009CA8A5 /* Debug */ = {
			isa = XCBuildConfiguration;
			buildSettings = {
				ALWAYS_SEARCH_USER_PATHS = NO;
				CLANG_ANALYZER_NONNULL = YES;
				CLANG_ANALYZER_NUMBER_OBJECT_CONVERSION = YES_AGGRESSIVE;
				CLANG_CXX_LANGUAGE_STANDARD = "gnu++14";
				CLANG_CXX_LIBRARY = "libc++";
				CLANG_ENABLE_MODULES = YES;
				CLANG_ENABLE_OBJC_ARC = YES;
				CLANG_ENABLE_OBJC_WEAK = YES;
				CLANG_WARN_BLOCK_CAPTURE_AUTORELEASING = YES;
				CLANG_WARN_BOOL_CONVERSION = YES;
				CLANG_WARN_COMMA = YES;
				CLANG_WARN_CONSTANT_CONVERSION = YES;
				CLANG_WARN_DEPRECATED_OBJC_IMPLEMENTATIONS = YES;
				CLANG_WARN_DIRECT_OBJC_ISA_USAGE = YES_ERROR;
				CLANG_WARN_DOCUMENTATION_COMMENTS = YES;
				CLANG_WARN_EMPTY_BODY = YES;
				CLANG_WARN_ENUM_CONVERSION = YES;
				CLANG_WARN_INFINITE_RECURSION = YES;
				CLANG_WARN_INT_CONVERSION = YES;
				CLANG_WARN_NON_LITERAL_NULL_CONVERSION = YES;
				CLANG_WARN_OBJC_IMPLICIT_RETAIN_SELF = YES;
				CLANG_WARN_OBJC_LITERAL_CONVERSION = YES;
				CLANG_WARN_OBJC_ROOT_CLASS = YES_ERROR;
				CLANG_WARN_QUOTED_INCLUDE_IN_FRAMEWORK_HEADER = YES;
				CLANG_WARN_RANGE_LOOP_ANALYSIS = YES;
				CLANG_WARN_STRICT_PROTOTYPES = YES;
				CLANG_WARN_SUSPICIOUS_MOVE = YES;
				CLANG_WARN_UNGUARDED_AVAILABILITY = YES_AGGRESSIVE;
				CLANG_WARN_UNREACHABLE_CODE = YES;
				CLANG_WARN__DUPLICATE_METHOD_MATCH = YES;
				COPY_PHASE_STRIP = NO;
				DEBUG_INFORMATION_FORMAT = dwarf;
				ENABLE_STRICT_OBJC_MSGSEND = YES;
				ENABLE_TESTABILITY = YES;
				GCC_C_LANGUAGE_STANDARD = gnu11;
				GCC_DYNAMIC_NO_PIC = NO;
				GCC_NO_COMMON_BLOCKS = YES;
				GCC_OPTIMIZATION_LEVEL = 0;
				GCC_PREPROCESSOR_DEFINITIONS = (
					"DEBUG=1",
					"$(inherited)",
				);
				GCC_WARN_64_TO_32_BIT_CONVERSION = YES;
				GCC_WARN_ABOUT_RETURN_TYPE = YES_ERROR;
				GCC_WARN_UNDECLARED_SELECTOR = YES;
				GCC_WARN_UNINITIALIZED_AUTOS = YES_AGGRESSIVE;
				GCC_WARN_UNUSED_FUNCTION = YES;
				GCC_WARN_UNUSED_VARIABLE = YES;
				IPHONEOS_DEPLOYMENT_TARGET = 14.3;
				MTL_ENABLE_DEBUG_INFO = INCLUDE_SOURCE;
				MTL_FAST_MATH = YES;
				ONLY_ACTIVE_ARCH = YES;
				SDKROOT = iphoneos;
				SWIFT_ACTIVE_COMPILATION_CONDITIONS = DEBUG;
				SWIFT_OPTIMIZATION_LEVEL = "-Onone";
			};
			name = Debug;
		};
		349E8A5025FE35B4009CA8A5 /* Release */ = {
			isa = XCBuildConfiguration;
			buildSettings = {
				ALWAYS_SEARCH_USER_PATHS = NO;
				CLANG_ANALYZER_NONNULL = YES;
				CLANG_ANALYZER_NUMBER_OBJECT_CONVERSION = YES_AGGRESSIVE;
				CLANG_CXX_LANGUAGE_STANDARD = "gnu++14";
				CLANG_CXX_LIBRARY = "libc++";
				CLANG_ENABLE_MODULES = YES;
				CLANG_ENABLE_OBJC_ARC = YES;
				CLANG_ENABLE_OBJC_WEAK = YES;
				CLANG_WARN_BLOCK_CAPTURE_AUTORELEASING = YES;
				CLANG_WARN_BOOL_CONVERSION = YES;
				CLANG_WARN_COMMA = YES;
				CLANG_WARN_CONSTANT_CONVERSION = YES;
				CLANG_WARN_DEPRECATED_OBJC_IMPLEMENTATIONS = YES;
				CLANG_WARN_DIRECT_OBJC_ISA_USAGE = YES_ERROR;
				CLANG_WARN_DOCUMENTATION_COMMENTS = YES;
				CLANG_WARN_EMPTY_BODY = YES;
				CLANG_WARN_ENUM_CONVERSION = YES;
				CLANG_WARN_INFINITE_RECURSION = YES;
				CLANG_WARN_INT_CONVERSION = YES;
				CLANG_WARN_NON_LITERAL_NULL_CONVERSION = YES;
				CLANG_WARN_OBJC_IMPLICIT_RETAIN_SELF = YES;
				CLANG_WARN_OBJC_LITERAL_CONVERSION = YES;
				CLANG_WARN_OBJC_ROOT_CLASS = YES_ERROR;
				CLANG_WARN_QUOTED_INCLUDE_IN_FRAMEWORK_HEADER = YES;
				CLANG_WARN_RANGE_LOOP_ANALYSIS = YES;
				CLANG_WARN_STRICT_PROTOTYPES = YES;
				CLANG_WARN_SUSPICIOUS_MOVE = YES;
				CLANG_WARN_UNGUARDED_AVAILABILITY = YES_AGGRESSIVE;
				CLANG_WARN_UNREACHABLE_CODE = YES;
				CLANG_WARN__DUPLICATE_METHOD_MATCH = YES;
				COPY_PHASE_STRIP = NO;
				DEBUG_INFORMATION_FORMAT = "dwarf-with-dsym";
				ENABLE_NS_ASSERTIONS = NO;
				ENABLE_STRICT_OBJC_MSGSEND = YES;
				GCC_C_LANGUAGE_STANDARD = gnu11;
				GCC_NO_COMMON_BLOCKS = YES;
				GCC_WARN_64_TO_32_BIT_CONVERSION = YES;
				GCC_WARN_ABOUT_RETURN_TYPE = YES_ERROR;
				GCC_WARN_UNDECLARED_SELECTOR = YES;
				GCC_WARN_UNINITIALIZED_AUTOS = YES_AGGRESSIVE;
				GCC_WARN_UNUSED_FUNCTION = YES;
				GCC_WARN_UNUSED_VARIABLE = YES;
				IPHONEOS_DEPLOYMENT_TARGET = 14.3;
				MTL_ENABLE_DEBUG_INFO = NO;
				MTL_FAST_MATH = YES;
				SDKROOT = iphoneos;
				SWIFT_COMPILATION_MODE = wholemodule;
				SWIFT_OPTIMIZATION_LEVEL = "-O";
				VALIDATE_PRODUCT = YES;
			};
			name = Release;
		};
		349E8A5225FE35B4009CA8A5 /* Debug */ = {
			isa = XCBuildConfiguration;
			buildSettings = {
				ASSETCATALOG_COMPILER_APPICON_NAME = AppIcon;
				ASSETCATALOG_COMPILER_GLOBAL_ACCENT_COLOR_NAME = AccentColor;
				CODE_SIGN_STYLE = Automatic;
				DEVELOPMENT_TEAM = D93ZL5U376;
				INFOPLIST_FILE = "Xib-Test/Info.plist";
				LD_RUNPATH_SEARCH_PATHS = (
					"$(inherited)",
					"@executable_path/Frameworks",
				);
				PRODUCT_BUNDLE_IDENTIFIER = "-1331104th.tama.ac.jp.Xib-Test";
				PRODUCT_NAME = "$(TARGET_NAME)";
				SWIFT_VERSION = 5.0;
				TARGETED_DEVICE_FAMILY = "1,2";
			};
			name = Debug;
		};
		349E8A5325FE35B4009CA8A5 /* Release */ = {
			isa = XCBuildConfiguration;
			buildSettings = {
				ASSETCATALOG_COMPILER_APPICON_NAME = AppIcon;
				ASSETCATALOG_COMPILER_GLOBAL_ACCENT_COLOR_NAME = AccentColor;
				CODE_SIGN_STYLE = Automatic;
				DEVELOPMENT_TEAM = D93ZL5U376;
				INFOPLIST_FILE = "Xib-Test/Info.plist";
				LD_RUNPATH_SEARCH_PATHS = (
					"$(inherited)",
					"@executable_path/Frameworks",
				);
				PRODUCT_BUNDLE_IDENTIFIER = "-1331104th.tama.ac.jp.Xib-Test";
				PRODUCT_NAME = "$(TARGET_NAME)";
				SWIFT_VERSION = 5.0;
				TARGETED_DEVICE_FAMILY = "1,2";
			};
			name = Release;
		};
		349E8A5525FE35B4009CA8A5 /* Debug */ = {
			isa = XCBuildConfiguration;
			buildSettings = {
				ALWAYS_EMBED_SWIFT_STANDARD_LIBRARIES = YES;
				BUNDLE_LOADER = "$(TEST_HOST)";
				CODE_SIGN_STYLE = Automatic;
				DEVELOPMENT_TEAM = D93ZL5U376;
				INFOPLIST_FILE = "Xib-TestTests/Info.plist";
				IPHONEOS_DEPLOYMENT_TARGET = 14.3;
				LD_RUNPATH_SEARCH_PATHS = (
					"$(inherited)",
					"@executable_path/Frameworks",
					"@loader_path/Frameworks",
				);
				PRODUCT_BUNDLE_IDENTIFIER = "-1331104th.tama.ac.jp.Xib-TestTests";
				PRODUCT_NAME = "$(TARGET_NAME)";
				SWIFT_VERSION = 5.0;
				TARGETED_DEVICE_FAMILY = "1,2";
				TEST_HOST = "$(BUILT_PRODUCTS_DIR)/Xib-Test.app/Xib-Test";
			};
			name = Debug;
		};
		349E8A5625FE35B4009CA8A5 /* Release */ = {
			isa = XCBuildConfiguration;
			buildSettings = {
				ALWAYS_EMBED_SWIFT_STANDARD_LIBRARIES = YES;
				BUNDLE_LOADER = "$(TEST_HOST)";
				CODE_SIGN_STYLE = Automatic;
				DEVELOPMENT_TEAM = D93ZL5U376;
				INFOPLIST_FILE = "Xib-TestTests/Info.plist";
				IPHONEOS_DEPLOYMENT_TARGET = 14.3;
				LD_RUNPATH_SEARCH_PATHS = (
					"$(inherited)",
					"@executable_path/Frameworks",
					"@loader_path/Frameworks",
				);
				PRODUCT_BUNDLE_IDENTIFIER = "-1331104th.tama.ac.jp.Xib-TestTests";
				PRODUCT_NAME = "$(TARGET_NAME)";
				SWIFT_VERSION = 5.0;
				TARGETED_DEVICE_FAMILY = "1,2";
				TEST_HOST = "$(BUILT_PRODUCTS_DIR)/Xib-Test.app/Xib-Test";
			};
			name = Release;
		};
		349E8A5825FE35B4009CA8A5 /* Debug */ = {
			isa = XCBuildConfiguration;
			buildSettings = {
				ALWAYS_EMBED_SWIFT_STANDARD_LIBRARIES = YES;
				CODE_SIGN_STYLE = Automatic;
				DEVELOPMENT_TEAM = D93ZL5U376;
				INFOPLIST_FILE = "Xib-TestUITests/Info.plist";
				LD_RUNPATH_SEARCH_PATHS = (
					"$(inherited)",
					"@executable_path/Frameworks",
					"@loader_path/Frameworks",
				);
				PRODUCT_BUNDLE_IDENTIFIER = "-1331104th.tama.ac.jp.Xib-TestUITests";
				PRODUCT_NAME = "$(TARGET_NAME)";
				SWIFT_VERSION = 5.0;
				TARGETED_DEVICE_FAMILY = "1,2";
				TEST_TARGET_NAME = "Xib-Test";
			};
			name = Debug;
		};
		349E8A5925FE35B4009CA8A5 /* Release */ = {
			isa = XCBuildConfiguration;
			buildSettings = {
				ALWAYS_EMBED_SWIFT_STANDARD_LIBRARIES = YES;
				CODE_SIGN_STYLE = Automatic;
				DEVELOPMENT_TEAM = D93ZL5U376;
				INFOPLIST_FILE = "Xib-TestUITests/Info.plist";
				LD_RUNPATH_SEARCH_PATHS = (
					"$(inherited)",
					"@executable_path/Frameworks",
					"@loader_path/Frameworks",
				);
				PRODUCT_BUNDLE_IDENTIFIER = "-1331104th.tama.ac.jp.Xib-TestUITests";
				PRODUCT_NAME = "$(TARGET_NAME)";
				SWIFT_VERSION = 5.0;
				TARGETED_DEVICE_FAMILY = "1,2";
				TEST_TARGET_NAME = "Xib-Test";
			};
			name = Release;
		};
/* End XCBuildConfiguration section */

/* Begin XCConfigurationList section */
		349E8A2225FE35B3009CA8A5 /* Build configuration list for PBXProject "Xib-Test" */ = {
			isa = XCConfigurationList;
			buildConfigurations = (
				349E8A4F25FE35B4009CA8A5 /* Debug */,
				349E8A5025FE35B4009CA8A5 /* Release */,
			);
			defaultConfigurationIsVisible = 0;
			defaultConfigurationName = Release;
		};
		349E8A5125FE35B4009CA8A5 /* Build configuration list for PBXNativeTarget "Xib-Test" */ = {
			isa = XCConfigurationList;
			buildConfigurations = (
				349E8A5225FE35B4009CA8A5 /* Debug */,
				349E8A5325FE35B4009CA8A5 /* Release */,
			);
			defaultConfigurationIsVisible = 0;
			defaultConfigurationName = Release;
		};
		349E8A5425FE35B4009CA8A5 /* Build configuration list for PBXNativeTarget "Xib-TestTests" */ = {
			isa = XCConfigurationList;
			buildConfigurations = (
				349E8A5525FE35B4009CA8A5 /* Debug */,
				349E8A5625FE35B4009CA8A5 /* Release */,
			);
			defaultConfigurationIsVisible = 0;
			defaultConfigurationName = Release;
		};
		349E8A5725FE35B4009CA8A5 /* Build configuration list for PBXNativeTarget "Xib-TestUITests" */ = {
			isa = XCConfigurationList;
			buildConfigurations = (
				349E8A5825FE35B4009CA8A5 /* Debug */,
				349E8A5925FE35B4009CA8A5 /* Release */,
			);
			defaultConfigurationIsVisible = 0;
			defaultConfigurationName = Release;
		};
/* End XCConfigurationList section */
	};
	rootObject = 349E8A1F25FE35B3009CA8A5 /* Project object */;
}
